// !$*UTF8*$!
{
	archiveVersion = 1;
	classes = {
	};
	objectVersion = 50;
	objects = {

/* Begin PBXBuildFile section */
		BF1C725720D4D669001D5F88 /* MobileRTC.framework in Frameworks */ = {isa = PBXBuildFile; fileRef = BF1C725520D4D5F0001D5F88 /* MobileRTC.framework */; };
		BF1C725920D4D672001D5F88 /* VideoToolbox.framework in Frameworks */ = {isa = PBXBuildFile; fileRef = BF1C725820D4D672001D5F88 /* VideoToolbox.framework */; };
		BF1C725B20D4D69E001D5F88 /* libsqlite3.tbd in Frameworks */ = {isa = PBXBuildFile; fileRef = BF1C725A20D4D69E001D5F88 /* libsqlite3.tbd */; };
		BF1C725D20D4D6AB001D5F88 /* libstdc++.6.0.9.tbd in Frameworks */ = {isa = PBXBuildFile; fileRef = BF1C725C20D4D6AB001D5F88 /* libstdc++.6.0.9.tbd */; };
		BF1C725F20D4D6BA001D5F88 /* libz.1.2.5.tbd in Frameworks */ = {isa = PBXBuildFile; fileRef = BF1C725E20D4D6BA001D5F88 /* libz.1.2.5.tbd */; };
		BF1C726120D4D6F6001D5F88 /* MobileRTCResources.bundle in Frameworks */ = {isa = PBXBuildFile; fileRef = BF1C726020D4D6F6001D5F88 /* MobileRTCResources.bundle */; };
		BF5F4A0720D07955008EF0F0 /* AppDelegate.swift in Sources */ = {isa = PBXBuildFile; fileRef = BF5F4A0620D07955008EF0F0 /* AppDelegate.swift */; };
		BF5F4A0920D07955008EF0F0 /* ViewController.swift in Sources */ = {isa = PBXBuildFile; fileRef = BF5F4A0820D07955008EF0F0 /* ViewController.swift */; };
		BF5F4A0C20D07955008EF0F0 /* Main.storyboard in Resources */ = {isa = PBXBuildFile; fileRef = BF5F4A0A20D07955008EF0F0 /* Main.storyboard */; };
		BF5F4A0E20D07957008EF0F0 /* Assets.xcassets in Resources */ = {isa = PBXBuildFile; fileRef = BF5F4A0D20D07957008EF0F0 /* Assets.xcassets */; };
		BF5F4A1120D07957008EF0F0 /* LaunchScreen.storyboard in Resources */ = {isa = PBXBuildFile; fileRef = BF5F4A0F20D07957008EF0F0 /* LaunchScreen.storyboard */; };
/* End PBXBuildFile section */

/* Begin PBXFileReference section */
		A7C380EDB815E1C6ACA4D0E0 /* Pods-ZoomSample.release.xcconfig */ = {isa = PBXFileReference; includeInIndex = 1; lastKnownFileType = text.xcconfig; name = "Pods-ZoomSample.release.xcconfig"; path = "Pods/Target Support Files/Pods-ZoomSample/Pods-ZoomSample.release.xcconfig"; sourceTree = "<group>"; };
		BF1C725520D4D5F0001D5F88 /* MobileRTC.framework */ = {isa = PBXFileReference; lastKnownFileType = wrapper.framework; path = MobileRTC.framework; sourceTree = "<group>"; };
		BF1C725820D4D672001D5F88 /* VideoToolbox.framework */ = {isa = PBXFileReference; lastKnownFileType = wrapper.framework; name = VideoToolbox.framework; path = System/Library/Frameworks/VideoToolbox.framework; sourceTree = SDKROOT; };
		BF1C725A20D4D69E001D5F88 /* libsqlite3.tbd */ = {isa = PBXFileReference; lastKnownFileType = "sourcecode.text-based-dylib-definition"; name = libsqlite3.tbd; path = usr/lib/libsqlite3.tbd; sourceTree = SDKROOT; };
		BF1C725C20D4D6AB001D5F88 /* libstdc++.6.0.9.tbd */ = {isa = PBXFileReference; lastKnownFileType = "sourcecode.text-based-dylib-definition"; name = "libstdc++.6.0.9.tbd"; path = "usr/lib/libstdc++.6.0.9.tbd"; sourceTree = SDKROOT; };
		BF1C725E20D4D6BA001D5F88 /* libz.1.2.5.tbd */ = {isa = PBXFileReference; lastKnownFileType = "sourcecode.text-based-dylib-definition"; name = libz.1.2.5.tbd; path = usr/lib/libz.1.2.5.tbd; sourceTree = SDKROOT; };
		BF1C726020D4D6F6001D5F88 /* MobileRTCResources.bundle */ = {isa = PBXFileReference; lastKnownFileType = "wrapper.plug-in"; path = MobileRTCResources.bundle; sourceTree = "<group>"; };
		BF1C726220D4D795001D5F88 /* ZoomSample-Bridging-Header.h */ = {isa = PBXFileReference; lastKnownFileType = sourcecode.c.h; path = "ZoomSample-Bridging-Header.h"; sourceTree = "<group>"; };
		BF5F4A0320D07955008EF0F0 /* ZoomSample.app */ = {isa = PBXFileReference; explicitFileType = wrapper.application; includeInIndex = 0; path = ZoomSample.app; sourceTree = BUILT_PRODUCTS_DIR; };
		BF5F4A0620D07955008EF0F0 /* AppDelegate.swift */ = {isa = PBXFileReference; lastKnownFileType = sourcecode.swift; path = AppDelegate.swift; sourceTree = "<group>"; };
		BF5F4A0820D07955008EF0F0 /* ViewController.swift */ = {isa = PBXFileReference; lastKnownFileType = sourcecode.swift; path = ViewController.swift; sourceTree = "<group>"; };
		BF5F4A0B20D07955008EF0F0 /* Base */ = {isa = PBXFileReference; lastKnownFileType = file.storyboard; name = Base; path = Base.lproj/Main.storyboard; sourceTree = "<group>"; };
		BF5F4A0D20D07957008EF0F0 /* Assets.xcassets */ = {isa = PBXFileReference; lastKnownFileType = folder.assetcatalog; path = Assets.xcassets; sourceTree = "<group>"; };
		BF5F4A1020D07957008EF0F0 /* Base */ = {isa = PBXFileReference; lastKnownFileType = file.storyboard; name = Base; path = Base.lproj/LaunchScreen.storyboard; sourceTree = "<group>"; };
		BF5F4A1220D07957008EF0F0 /* Info.plist */ = {isa = PBXFileReference; lastKnownFileType = text.plist.xml; path = Info.plist; sourceTree = "<group>"; };
		ED737DC639EBE24EC585AC13 /* Pods-ZoomSample.debug.xcconfig */ = {isa = PBXFileReference; includeInIndex = 1; lastKnownFileType = text.xcconfig; name = "Pods-ZoomSample.debug.xcconfig"; path = "Pods/Target Support Files/Pods-ZoomSample/Pods-ZoomSample.debug.xcconfig"; sourceTree = "<group>"; };
/* End PBXFileReference section */

/* Begin PBXFrameworksBuildPhase section */
		BF5F4A0020D07955008EF0F0 /* Frameworks */ = {
			isa = PBXFrameworksBuildPhase;
			buildActionMask = 2147483647;
			files = (
				BF1C725F20D4D6BA001D5F88 /* libz.1.2.5.tbd in Frameworks */,
				BF1C725D20D4D6AB001D5F88 /* libstdc++.6.0.9.tbd in Frameworks */,
				BF1C725B20D4D69E001D5F88 /* libsqlite3.tbd in Frameworks */,
				BF1C725720D4D669001D5F88 /* MobileRTC.framework in Frameworks */,
				BF1C726120D4D6F6001D5F88 /* MobileRTCResources.bundle in Frameworks */,
				BF1C725920D4D672001D5F88 /* VideoToolbox.framework in Frameworks */,
			);
			runOnlyForDeploymentPostprocessing = 0;
		};
/* End PBXFrameworksBuildPhase section */

/* Begin PBXGroup section */
		11A5F241D94B59BE33FEAFD1 /* Frameworks */ = {
			isa = PBXGroup;
			children = (
				BF1C726020D4D6F6001D5F88 /* MobileRTCResources.bundle */,
				BF1C725E20D4D6BA001D5F88 /* libz.1.2.5.tbd */,
				BF1C725C20D4D6AB001D5F88 /* libstdc++.6.0.9.tbd */,
				BF1C725A20D4D69E001D5F88 /* libsqlite3.tbd */,
				BF1C725820D4D672001D5F88 /* VideoToolbox.framework */,
				BF1C725520D4D5F0001D5F88 /* MobileRTC.framework */,
			);
			path = Frameworks;
			sourceTree = "<group>";
		};
		38122A670E98E2994B3D83EA /* Pods */ = {
			isa = PBXGroup;
			children = (
				ED737DC639EBE24EC585AC13 /* Pods-ZoomSample.debug.xcconfig */,
				A7C380EDB815E1C6ACA4D0E0 /* Pods-ZoomSample.release.xcconfig */,
			);
			name = Pods;
			sourceTree = "<group>";
		};
		BF5F49FA20D07955008EF0F0 = {
			isa = PBXGroup;
			children = (
				BF5F4A0520D07955008EF0F0 /* ZoomSample */,
				BF5F4A0420D07955008EF0F0 /* Products */,
				38122A670E98E2994B3D83EA /* Pods */,
				11A5F241D94B59BE33FEAFD1 /* Frameworks */,
			);
			sourceTree = "<group>";
		};
		BF5F4A0420D07955008EF0F0 /* Products */ = {
			isa = PBXGroup;
			children = (
				BF5F4A0320D07955008EF0F0 /* ZoomSample.app */,
			);
			name = Products;
			sourceTree = "<group>";
		};
		BF5F4A0520D07955008EF0F0 /* ZoomSample */ = {
			isa = PBXGroup;
			children = (
				BF5F4A0620D07955008EF0F0 /* AppDelegate.swift */,
				BF5F4A0820D07955008EF0F0 /* ViewController.swift */,
				BF5F4A0A20D07955008EF0F0 /* Main.storyboard */,
				BF5F4A0D20D07957008EF0F0 /* Assets.xcassets */,
				BF5F4A0F20D07957008EF0F0 /* LaunchScreen.storyboard */,
				BF5F4A1220D07957008EF0F0 /* Info.plist */,
				BF1C726220D4D795001D5F88 /* ZoomSample-Bridging-Header.h */,
			);
			path = ZoomSample;
			sourceTree = "<group>";
		};
/* End PBXGroup section */

/* Begin PBXNativeTarget section */
		BF5F4A0220D07955008EF0F0 /* ZoomSample */ = {
			isa = PBXNativeTarget;
			buildConfigurationList = BF5F4A1520D07957008EF0F0 /* Build configuration list for PBXNativeTarget "ZoomSample" */;
			buildPhases = (
				BF5F49FF20D07955008EF0F0 /* Sources */,
				BF5F4A0020D07955008EF0F0 /* Frameworks */,
				BF5F4A0120D07955008EF0F0 /* Resources */,
			);
			buildRules = (
			);
			dependencies = (
			);
			name = ZoomSample;
			productName = ZoomSample;
			productReference = BF5F4A0320D07955008EF0F0 /* ZoomSample.app */;
			productType = "com.apple.product-type.application";
		};
/* End PBXNativeTarget section */

/* Begin PBXProject section */
		BF5F49FB20D07955008EF0F0 /* Project object */ = {
			isa = PBXProject;
			attributes = {
				LastSwiftUpdateCheck = 0930;
				LastUpgradeCheck = 0930;
				ORGANIZATIONNAME = gates1de;
				TargetAttributes = {
					BF5F4A0220D07955008EF0F0 = {
						CreatedOnToolsVersion = 9.3.1;
					};
				};
			};
			buildConfigurationList = BF5F49FE20D07955008EF0F0 /* Build configuration list for PBXProject "ZoomSample" */;
			compatibilityVersion = "Xcode 9.3";
			developmentRegion = en;
			hasScannedForEncodings = 0;
			knownRegions = (
				en,
				Base,
			);
			mainGroup = BF5F49FA20D07955008EF0F0;
			productRefGroup = BF5F4A0420D07955008EF0F0 /* Products */;
			projectDirPath = "";
			projectRoot = "";
			targets = (
				BF5F4A0220D07955008EF0F0 /* ZoomSample */,
			);
		};
/* End PBXProject section */

/* Begin PBXResourcesBuildPhase section */
		BF5F4A0120D07955008EF0F0 /* Resources */ = {
			isa = PBXResourcesBuildPhase;
			buildActionMask = 2147483647;
			files = (
				BF5F4A1120D07957008EF0F0 /* LaunchScreen.storyboard in Resources */,
				BF5F4A0E20D07957008EF0F0 /* Assets.xcassets in Resources */,
				BF5F4A0C20D07955008EF0F0 /* Main.storyboard in Resources */,
			);
			runOnlyForDeploymentPostprocessing = 0;
		};
/* End PBXResourcesBuildPhase section */

/* Begin PBXSourcesBuildPhase section */
		BF5F49FF20D07955008EF0F0 /* Sources */ = {
			isa = PBXSourcesBuildPhase;
			buildActionMask = 2147483647;
			files = (
				BF5F4A0920D07955008EF0F0 /* ViewController.swift in Sources */,
				BF5F4A0720D07955008EF0F0 /* AppDelegate.swift in Sources */,
			);
			runOnlyForDeploymentPostprocessing = 0;
		};
/* End PBXSourcesBuildPhase section */

/* Begin PBXVariantGroup section */
		BF5F4A0A20D07955008EF0F0 /* Main.storyboard */ = {
			isa = PBXVariantGroup;
			children = (
				BF5F4A0B20D07955008EF0F0 /* Base */,
			);
			name = Main.storyboard;
			sourceTree = "<group>";
		};
		BF5F4A0F20D07957008EF0F0 /* LaunchScreen.storyboard */ = {
			isa = PBXVariantGroup;
			children = (
				BF5F4A1020D07957008EF0F0 /* Base */,
			);
			name = LaunchScreen.storyboard;
			sourceTree = "<group>";
		};
/* End PBXVariantGroup section */

/* Begin XCBuildConfiguration section */
		BF5F4A1320D07957008EF0F0 /* Debug */ = {
			isa = XCBuildConfiguration;
			buildSettings = {
				ALWAYS_SEARCH_USER_PATHS = NO;
				CLANG_ANALYZER_NONNULL = YES;
				CLANG_ANALYZER_NUMBER_OBJECT_CONVERSION = YES_AGGRESSIVE;
				CLANG_CXX_LANGUAGE_STANDARD = "gnu++14";
				CLANG_CXX_LIBRARY = "libc++";
				CLANG_ENABLE_MODULES = YES;
				CLANG_ENABLE_OBJC_ARC = YES;
				CLANG_ENABLE_OBJC_WEAK = YES;
				CLANG_WARN_BLOCK_CAPTURE_AUTORELEASING = YES;
				CLANG_WARN_BOOL_CONVERSION = YES;
				CLANG_WARN_COMMA = YES;
				CLANG_WARN_CONSTANT_CONVERSION = YES;
				CLANG_WARN_DEPRECATED_OBJC_IMPLEMENTATIONS = YES;
				CLANG_WARN_DIRECT_OBJC_ISA_USAGE = YES_ERROR;
				CLANG_WARN_DOCUMENTATION_COMMENTS = YES;
				CLANG_WARN_EMPTY_BODY = YES;
				CLANG_WARN_ENUM_CONVERSION = YES;
				CLANG_WARN_INFINITE_RECURSION = YES;
				CLANG_WARN_INT_CONVERSION = YES;
				CLANG_WARN_NON_LITERAL_NULL_CONVERSION = YES;
				CLANG_WARN_OBJC_IMPLICIT_RETAIN_SELF = YES;
				CLANG_WARN_OBJC_LITERAL_CONVERSION = YES;
				CLANG_WARN_OBJC_ROOT_CLASS = YES_ERROR;
				CLANG_WARN_RANGE_LOOP_ANALYSIS = YES;
				CLANG_WARN_STRICT_PROTOTYPES = YES;
				CLANG_WARN_SUSPICIOUS_MOVE = YES;
				CLANG_WARN_UNGUARDED_AVAILABILITY = YES_AGGRESSIVE;
				CLANG_WARN_UNREACHABLE_CODE = YES;
				CLANG_WARN__DUPLICATE_METHOD_MATCH = YES;
				CODE_SIGN_IDENTITY = "iPhone Developer";
				COPY_PHASE_STRIP = NO;
				DEBUG_INFORMATION_FORMAT = dwarf;
				ENABLE_STRICT_OBJC_MSGSEND = YES;
				ENABLE_TESTABILITY = YES;
				GCC_C_LANGUAGE_STANDARD = gnu11;
				GCC_DYNAMIC_NO_PIC = NO;
				GCC_NO_COMMON_BLOCKS = YES;
				GCC_OPTIMIZATION_LEVEL = 0;
				GCC_PREPROCESSOR_DEFINITIONS = (
					"DEBUG=1",
					"$(inherited)",
				);
				GCC_WARN_64_TO_32_BIT_CONVERSION = YES;
				GCC_WARN_ABOUT_RETURN_TYPE = YES_ERROR;
				GCC_WARN_UNDECLARED_SELECTOR = YES;
				GCC_WARN_UNINITIALIZED_AUTOS = YES_AGGRESSIVE;
				GCC_WARN_UNUSED_FUNCTION = YES;
				GCC_WARN_UNUSED_VARIABLE = YES;
				IPHONEOS_DEPLOYMENT_TARGET = 11.3;
				MTL_ENABLE_DEBUG_INFO = YES;
				ONLY_ACTIVE_ARCH = YES;
				SDKROOT = iphoneos;
				SWIFT_ACTIVE_COMPILATION_CONDITIONS = DEBUG;
				SWIFT_OPTIMIZATION_LEVEL = "-Onone";
			};
			name = Debug;
		};
		BF5F4A1420D07957008EF0F0 /* Release */ = {
			isa = XCBuildConfiguration;
			buildSettings = {
				ALWAYS_SEARCH_USER_PATHS = NO;
				CLANG_ANALYZER_NONNULL = YES;
				CLANG_ANALYZER_NUMBER_OBJECT_CONVERSION = YES_AGGRESSIVE;
				CLANG_CXX_LANGUAGE_STANDARD = "gnu++14";
				CLANG_CXX_LIBRARY = "libc++";
				CLANG_ENABLE_MODULES = YES;
				CLANG_ENABLE_OBJC_ARC = YES;
				CLANG_ENABLE_OBJC_WEAK = YES;
				CLANG_WARN_BLOCK_CAPTURE_AUTORELEASING = YES;
				CLANG_WARN_BOOL_CONVERSION = YES;
				CLANG_WARN_COMMA = YES;
				CLANG_WARN_CONSTANT_CONVERSION = YES;
				CLANG_WARN_DEPRECATED_OBJC_IMPLEMENTATIONS = YES;
				CLANG_WARN_DIRECT_OBJC_ISA_USAGE = YES_ERROR;
				CLANG_WARN_DOCUMENTATION_COMMENTS = YES;
				CLANG_WARN_EMPTY_BODY = YES;
				CLANG_WARN_ENUM_CONVERSION = YES;
				CLANG_WARN_INFINITE_RECURSION = YES;
				CLANG_WARN_INT_CONVERSION = YES;
				CLANG_WARN_NON_LITERAL_NULL_CONVERSION = YES;
				CLANG_WARN_OBJC_IMPLICIT_RETAIN_SELF = YES;
				CLANG_WARN_OBJC_LITERAL_CONVERSION = YES;
				CLANG_WARN_OBJC_ROOT_CLASS = YES_ERROR;
				CLANG_WARN_RANGE_LOOP_ANALYSIS = YES;
				CLANG_WARN_STRICT_PROTOTYPES = YES;
				CLANG_WARN_SUSPICIOUS_MOVE = YES;
				CLANG_WARN_UNGUARDED_AVAILABILITY = YES_AGGRESSIVE;
				CLANG_WARN_UNREACHABLE_CODE = YES;
				CLANG_WARN__DUPLICATE_METHOD_MATCH = YES;
				CODE_SIGN_IDENTITY = "iPhone Developer";
				COPY_PHASE_STRIP = NO;
				DEBUG_INFORMATION_FORMAT = "dwarf-with-dsym";
				ENABLE_NS_ASSERTIONS = NO;
				ENABLE_STRICT_OBJC_MSGSEND = YES;
				GCC_C_LANGUAGE_STANDARD = gnu11;
				GCC_NO_COMMON_BLOCKS = YES;
				GCC_WARN_64_TO_32_BIT_CONVERSION = YES;
				GCC_WARN_ABOUT_RETURN_TYPE = YES_ERROR;
				GCC_WARN_UNDECLARED_SELECTOR = YES;
				GCC_WARN_UNINITIALIZED_AUTOS = YES_AGGRESSIVE;
				GCC_WARN_UNUSED_FUNCTION = YES;
				GCC_WARN_UNUSED_VARIABLE = YES;
				IPHONEOS_DEPLOYMENT_TARGET = 11.3;
				MTL_ENABLE_DEBUG_INFO = NO;
				SDKROOT = iphoneos;
				SWIFT_COMPILATION_MODE = wholemodule;
				SWIFT_OPTIMIZATION_LEVEL = "-O";
				VALIDATE_PRODUCT = YES;
			};
			name = Release;
		};
		BF5F4A1620D07957008EF0F0 /* Debug */ = {
			isa = XCBuildConfiguration;
			baseConfigurationReference = ED737DC639EBE24EC585AC13 /* Pods-ZoomSample.debug.xcconfig */;
			buildSettings = {
				ASSETCATALOG_COMPILER_APPICON_NAME = AppIcon;
				CODE_SIGN_STYLE = Automatic;
				DEVELOPMENT_TEAM = HYP4BUD3C6;
				ENABLE_BITCODE = NO;
				FRAMEWORK_SEARCH_PATHS = (
					"$(inherited)",
					"$(PROJECT_DIR)/Frameworks",
				);
				INFOPLIST_FILE = ZoomSample/Info.plist;
				LD_RUNPATH_SEARCH_PATHS = (
					"$(inherited)",
					"@executable_path/Frameworks",
				);
				PRODUCT_BUNDLE_IDENTIFIER = com.gates1de.ZoomSample;
				PRODUCT_NAME = "$(TARGET_NAME)";
				SWIFT_OBJC_BRIDGING_HEADER = "$(SRCROOT)/$(PROJECT)/ZoomSample-Bridging-Header.h";
				SWIFT_VERSION = 4.0;
				TARGETED_DEVICE_FAMILY = "1,2";
			};
			name = Debug;
		};
		BF5F4A1720D07957008EF0F0 /* Release */ = {
			isa = XCBuildConfiguration;
			baseConfigurationReference = A7C380EDB815E1C6ACA4D0E0 /* Pods-ZoomSample.release.xcconfig */;
			buildSettings = {
				ASSETCATALOG_COMPILER_APPICON_NAME = AppIcon;
				CODE_SIGN_STYLE = Automatic;
				DEVELOPMENT_TEAM = HYP4BUD3C6;
				ENABLE_BITCODE = NO;
				FRAMEWORK_SEARCH_PATHS = (
					"$(inherited)",
					"$(PROJECT_DIR)/Frameworks",
				);
				INFOPLIST_FILE = ZoomSample/Info.plist;
				LD_RUNPATH_SEARCH_PATHS = (
					"$(inherited)",
					"@executable_path/Frameworks",
				);
				PRODUCT_BUNDLE_IDENTIFIER = com.gates1de.ZoomSample;
				PRODUCT_NAME = "$(TARGET_NAME)";
				SWIFT_OBJC_BRIDGING_HEADER = "$(SRCROOT)/$(PROJECT)/ZoomSample-Bridging-Header.h";
				SWIFT_VERSION = 4.0;
				TARGETED_DEVICE_FAMILY = "1,2";
			};
			name = Release;
		};
/* End XCBuildConfiguration section */

/* Begin XCConfigurationList section */
		BF5F49FE20D07955008EF0F0 /* Build configuration list for PBXProject "ZoomSample" */ = {
			isa = XCConfigurationList;
			buildConfigurations = (
				BF5F4A1320D07957008EF0F0 /* Debug */,
				BF5F4A1420D07957008EF0F0 /* Release */,
			);
			defaultConfigurationIsVisible = 0;
			defaultConfigurationName = Release;
		};
		BF5F4A1520D07957008EF0F0 /* Build configuration list for PBXNativeTarget "ZoomSample" */ = {
			isa = XCConfigurationList;
			buildConfigurations = (
				BF5F4A1620D07957008EF0F0 /* Debug */,
				BF5F4A1720D07957008EF0F0 /* Release */,
			);
			defaultConfigurationIsVisible = 0;
			defaultConfigurationName = Release;
		};
/* End XCConfigurationList section */
	};
	rootObject = BF5F49FB20D07955008EF0F0 /* Project object */;
}
